
Microsoft Visual Studio Solution File, Format Version 12.00
# Visual Studio 15
VisualStudioVersion = 15.0.28307.757
MinimumVisualStudioVersion = 10.0.40219.1
Project("{FAE04EC0-301F-11D3-BF4B-00C04F79EFBC}") = "Курсовая работа", "Курсовая работа\Курсовая работа.csproj", "{DCA95555-0EC7-4B67-8F92-4FEB68CD04B8}"
EndProject
Project("{54435603-DBB4-11D2-8724-00A0C9A8B90C}") = "Setup", "Setup\Setup.vdproj", "{0932DC3F-4400-4989-BDB9-125AC7506369}"
EndProject
Global
	GlobalSection(SolutionConfigurationPlatforms) = preSolution
		Debug|Any CPU = Debug|Any CPU
		Release|Any CPU = Release|Any CPU
	EndGlobalSection
	GlobalSection(ProjectConfigurationPlatforms) = postSolution
		{DCA95555-0EC7-4B67-8F92-4FEB68CD04B8}.Debug|Any CPU.ActiveCfg = Debug|Any CPU
		{DCA95555-0EC7-4B67-8F92-4FEB68CD04B8}.Debug|Any CPU.Build.0 = Debug|Any CPU
		{DCA95555-0EC7-4B67-8F92-4FEB68CD04B8}.Release|Any CPU.ActiveCfg = Release|Any CPU
		{DCA95555-0EC7-4B67-8F92-4FEB68CD04B8}.Release|Any CPU.Build.0 = Release|Any CPU
		{0932DC3F-4400-4989-BDB9-125AC7506369}.Debug|Any CPU.ActiveCfg = Debug
		{0932DC3F-4400-4989-BDB9-125AC7506369}.Release|Any CPU.ActiveCfg = Release
	EndGlobalSection
	GlobalSection(SolutionProperties) = preSolution
		HideSolutionNode = FALSE
	EndGlobalSection
	GlobalSection(ExtensibilityGlobals) = postSolution
		SolutionGuid = {6AED35B6-8858-4C26-A76B-D728FE26D491}
	EndGlobalSection
EndGlobal
